
Microsoft Visual Studio Solution File, Format Version 12.00
# Visual Studio 15
VisualStudioVersion = 15.0.27428.2015
MinimumVisualStudioVersion = 10.0.40219.1
Project("{FAE04EC0-301F-11D3-BF4B-00C04F79EFBC}") = "ProducerConsumer", "ProducerConsumer\ProducerConsumer.csproj", "{012A73EB-9F77-41C4-91F8-34A3CBB00F3C}"
EndProject
Global
	GlobalSection(SolutionConfigurationPlatforms) = preSolution
		Debug|Any CPU = Debug|Any CPU
		Release|Any CPU = Release|Any CPU
	EndGlobalSection
	GlobalSection(ProjectConfigurationPlatforms) = postSolution
		{012A73EB-9F77-41C4-91F8-34A3CBB00F3C}.Debug|Any CPU.ActiveCfg = Debug|Any CPU
		{012A73EB-9F77-41C4-91F8-34A3CBB00F3C}.Debug|Any CPU.Build.0 = Debug|Any CPU
		{012A73EB-9F77-41C4-91F8-34A3CBB00F3C}.Release|Any CPU.ActiveCfg = Release|Any CPU
		{012A73EB-9F77-41C4-91F8-34A3CBB00F3C}.Release|Any CPU.Build.0 = Release|Any CPU
	EndGlobalSection
	GlobalSection(SolutionProperties) = preSolution
		HideSolutionNode = FALSE
	EndGlobalSection
	GlobalSection(ExtensibilityGlobals) = postSolution
		SolutionGuid = {7D92AB29-1BB4-4961-AF15-52D214350C0E}
	EndGlobalSection
EndGlobal
